
Microsoft Visual Studio Solution File, Format Version 12.00
# Visual Studio Version 17
VisualStudioVersion = 17.8.34309.116
MinimumVisualStudioVersion = 10.0.40219.1
Project("{9A19103F-16F7-4668-BE54-9A1E7A4F7556}") = "Backend", "Backend.csproj", "{D8DF91A3-A50B-47D9-B1F1-B3C13D798F26}"
EndProject
Global
	GlobalSection(SolutionConfigurationPlatforms) = preSolution
		Debug|Any CPU = Debug|Any CPU
		Release|Any CPU = Release|Any CPU
	EndGlobalSection
	GlobalSection(ProjectConfigurationPlatforms) = postSolution
		{D8DF91A3-A50B-47D9-B1F1-B3C13D798F26}.Debug|Any CPU.ActiveCfg = Debug|Any CPU
		{D8DF91A3-A50B-47D9-B1F1-B3C13D798F26}.Debug|Any CPU.Build.0 = Debug|Any CPU
		{D8DF91A3-A50B-47D9-B1F1-B3C13D798F26}.Release|Any CPU.ActiveCfg = Release|Any CPU
		{D8DF91A3-A50B-47D9-B1F1-B3C13D798F26}.Release|Any CPU.Build.0 = Release|Any CPU
	EndGlobalSection
	GlobalSection(SolutionProperties) = preSolution
		HideSolutionNode = FALSE
	EndGlobalSection
	GlobalSection(ExtensibilityGlobals) = postSolution
		SolutionGuid = {19A98261-C7EB-4CAD-BA2F-9839659479F7}
	EndGlobalSection
EndGlobal
